{
    "_readme": [
        "This file locks the dependencies of your project to a known state",
        "Read more about it at https://getcomposer.org/doc/01-basic-usage.md#composer-lock-the-lock-file",
        "This file is @generated automatically"
    ],
    "hash": "562f54f52d142cd601a1ef7afed6810f",
    "content-hash": "4d8da654e1db0e4a79ce57ef16cf1791",
    "packages": [
        {
            "name": "composer/installers",
            "version": "dev-master",
            "source": {
                "type": "git",
                "url": "https://github.com/composer/installers.git",
                "reference": "6213d900e92647831f7a406d5c530ea1f3d4360e"
            },
            "dist": {
                "type": "zip",
                "url": "https://api.github.com/repos/composer/installers/zipball/6213d900e92647831f7a406d5c530ea1f3d4360e",
                "reference": "6213d900e92647831f7a406d5c530ea1f3d4360e",
                "shasum": ""
            },
            "require": {
                "composer-plugin-api": "^1.0"
            },
            "replace": {
                "roundcube/plugin-installer": "*",
                "shama/baton": "*"
            },
            "require-dev": {
                "composer/composer": "1.0.*@dev",
                "phpunit/phpunit": "4.1.*"
            },
            "type": "composer-plugin",
            "extra": {
                "class": "Composer\\Installers\\Plugin",
                "branch-alias": {
                    "dev-master": "1.0-dev"
                }
            },
            "autoload": {
                "psr-0": {
                    "Composer\\Installers\\": "src/"
                }
            },
            "notification-url": "https://packagist.org/downloads/",
            "license": [
                "MIT"
            ],
            "authors": [
                {
                    "name": "Kyle Robinson Young",
                    "email": "kyle@dontkry.com",
                    "homepage": "https://github.com/shama"
                }
            ],
            "description": "A multi-framework Composer library installer",
            "homepage": "http://composer.github.com/installers/",
            "keywords": [
                "Craft",
                "Dolibarr",
                "Hurad",
                "MODX Evo",
                "OXID",
                "SMF",
                "Thelia",
                "WolfCMS",
                "agl",
                "aimeos",
                "annotatecms",
                "bitrix",
                "cakephp",
                "chef",
                "codeigniter",
                "concrete5",
                "croogo",
                "dokuwiki",
                "drupal",
                "elgg",
                "fuelphp",
                "grav",
                "installer",
                "joomla",
                "kohana",
                "laravel",
                "lithium",
                "magento",
                "mako",
                "mediawiki",
                "modulework",
                "moodle",
                "phpbb",
                "piwik",
                "ppi",
                "puppet",
                "roundcube",
                "shopware",
                "silverstripe",
                "symfony",
                "typo3",
                "wordpress",
                "zend",
                "zikula"
            ],
            "time": "2016-01-27 12:54:22"
        },
        {
            "name": "rywa/silverstripe-foundation",
            "version": "dev-master",
            "source": {
                "type": "git",
                "url": "https://github.com/ryanwachtl/silverstripe-foundation-theme.git",
                "reference": "06586546d8e8987e9f77df1acb99570ca63bb6b0"
            },
            "dist": {
                "type": "zip",
                "url": "https://api.github.com/repos/ryanwachtl/silverstripe-foundation-theme/zipball/06586546d8e8987e9f77df1acb99570ca63bb6b0",
                "reference": "06586546d8e8987e9f77df1acb99570ca63bb6b0",
                "shasum": ""
            },
            "require": {
                "composer/installers": "*",
                "silverstripe/framework": "~3.1"
            },
            "type": "silverstripe-theme",
            "extra": {
                "installer-name": "foundation",
                "branch-alias": {
                    "dev-master": "1.1.x-dev"
                }
            },
            "notification-url": "https://packagist.org/downloads/",
            "license": [
                "MIT Open Source License"
            ],
            "authors": [
                {
                    "name": "Ryan Wachtl",
                    "email": "ryan@beyondusability.pro",
                    "homepage": "http://beyondusability.pro",
                    "role": "Developer"
                }
            ],
            "description": "Foundation 5 Prototyping Theme for SilverStripe",
            "keywords": [
                "foundation theme",
                "prototyping",
                "responsive",
                "silverstripe foundation",
                "theme"
            ],
            "time": "2016-02-01 04:02:11"
        },
        {
            "name": "rywa/silverstripe-foundation-forms",
            "version": "dev-master",
            "source": {
                "type": "git",
                "url": "https://github.com/ryanwachtl/silverstripe-foundation-forms.git",
                "reference": "7fd35e59119c6036805de4d01bc53883560593bf"
            },
            "dist": {
                "type": "zip",
                "url": "https://api.github.com/repos/ryanwachtl/silverstripe-foundation-forms/zipball/7fd35e59119c6036805de4d01bc53883560593bf",
                "reference": "7fd35e59119c6036805de4d01bc53883560593bf",
                "shasum": ""
            },
            "require": {
                "composer/installers": "*",
                "silverstripe/framework": "~3.1"
            },
            "type": "silverstripe-module",
            "extra": {
                "installer-name": "foundationforms",
                "branch-alias": {
                    "dev-master": "1.0.x-dev"
                }
            },
            "notification-url": "https://packagist.org/downloads/",
            "license": [
                "MIT Open Source License"
            ],
            "authors": [
                {
                    "name": "Ryan Wachtl",
                    "email": "ryan@beyondusability.pro",
                    "homepage": "http://beyondusability.pro",
                    "role": "Developer"
                }
            ],
            "description": "Add Foundation framework forms compatibility to SilverStripe 3",
            "keywords": [
                "Forms",
                "foundation",
                "silverstripe",
                "zurb foundation"
            ],
            "time": "2015-04-05 16:08:59"
        },
        {
            "name": "silverstripe/cms",
            "version": "3.2.1",
            "source": {
                "type": "git",
                "url": "https://github.com/silverstripe/silverstripe-cms.git",
                "reference": "a40c8e034af4e145b788d7561b092fe8f09c7c58"
            },
            "dist": {
                "type": "zip",
                "url": "https://api.github.com/repos/silverstripe/silverstripe-cms/zipball/a40c8e034af4e145b788d7561b092fe8f09c7c58",
                "reference": "a40c8e034af4e145b788d7561b092fe8f09c7c58",
                "shasum": ""
            },
            "require": {
                "composer/installers": "*",
                "php": ">=5.3.3",
                "silverstripe/framework": "~3.2",
                "silverstripe/reports": "~3.2",
                "silverstripe/siteconfig": "~3.2"
            },
            "type": "silverstripe-module",
            "autoload": {
                "classmap": [
                    "tests/behat/"
                ]
            },
            "notification-url": "https://packagist.org/downloads/",
            "license": [
                "BSD-3-Clause"
            ],
            "authors": [
                {
                    "name": "SilverStripe",
                    "homepage": "http://silverstripe.com"
                },
                {
                    "name": "The SilverStripe Community",
                    "homepage": "http://silverstripe.org"
                }
            ],
            "description": "The SilverStripe Content Management System",
            "homepage": "http://silverstripe.org",
            "keywords": [
                "cms",
                "silverstripe"
            ],
            "time": "2015-11-16 03:01:51"
        },
        {
            "name": "silverstripe/framework",
            "version": "3.2.1",
            "source": {
                "type": "git",
                "url": "https://github.com/silverstripe/silverstripe-framework.git",
                "reference": "0178fa5a1873a0f1d6100268c86dab81a18c23a5"
            },
            "dist": {
                "type": "zip",
                "url": "https://api.github.com/repos/silverstripe/silverstripe-framework/zipball/0178fa5a1873a0f1d6100268c86dab81a18c23a5",
                "reference": "0178fa5a1873a0f1d6100268c86dab81a18c23a5",
                "shasum": ""
            },
            "require": {
                "composer/installers": "~1.0",
                "php": ">=5.3.3,<7"
            },
            "require-dev": {
                "phpunit/phpunit": "~3.7"
            },
            "type": "silverstripe-module",
            "autoload": {
                "classmap": [
                    "tests/behat/features/bootstrap"
                ]
            },
            "notification-url": "https://packagist.org/downloads/",
            "license": [
                "BSD-3-Clause"
            ],
            "authors": [
                {
                    "name": "SilverStripe",
                    "homepage": "http://silverstripe.com"
                },
                {
                    "name": "The SilverStripe Community",
                    "homepage": "http://silverstripe.org"
                }
            ],
            "description": "The SilverStripe framework",
            "homepage": "http://silverstripe.org",
            "keywords": [
                "framework",
                "silverstripe"
            ],
            "time": "2015-11-16 03:17:10"
        },
        {
            "name": "silverstripe/reports",
            "version": "3.2.x-dev",
            "source": {
                "type": "git",
                "url": "https://github.com/silverstripe-labs/silverstripe-reports.git",
                "reference": "af2d51125c4651f27d8fb279e44e8ceb5f2996f9"
            },
            "dist": {
                "type": "zip",
                "url": "https://api.github.com/repos/silverstripe-labs/silverstripe-reports/zipball/af2d51125c4651f27d8fb279e44e8ceb5f2996f9",
                "reference": "af2d51125c4651f27d8fb279e44e8ceb5f2996f9",
                "shasum": ""
            },
            "require": {
                "php": ">=5.3.3",
                "silverstripe/framework": "~3.2"
            },
            "require-dev": {
                "phpunit/phpunit": "~3.7"
            },
            "type": "silverstripe-module",
            "notification-url": "https://packagist.org/downloads/",
            "license": [
                "BSD-3-Clause"
            ],
            "authors": [
                {
                    "name": "SilverStripe",
                    "homepage": "http://silverstripe.com"
                },
                {
                    "name": "The SilverStripe Community",
                    "homepage": "http://silverstripe.org"
                }
            ],
            "homepage": "http://silverstripe.org",
            "keywords": [
                "cms",
                "reports",
                "silverstripe"
            ],
            "time": "2015-12-16 21:00:39"
        },
        {
            "name": "silverstripe/siteconfig",
            "version": "3.x-dev",
            "source": {
                "type": "git",
                "url": "https://github.com/silverstripe/silverstripe-siteconfig.git",
                "reference": "01eda1fcdc872c18352d00500ae8a9a2a7ecc6f1"
            },
            "dist": {
                "type": "zip",
                "url": "https://api.github.com/repos/silverstripe/silverstripe-siteconfig/zipball/01eda1fcdc872c18352d00500ae8a9a2a7ecc6f1",
                "reference": "01eda1fcdc872c18352d00500ae8a9a2a7ecc6f1",
                "shasum": ""
            },
            "require": {
                "silverstripe/framework": "*"
            },
            "type": "silverstripe-module",
            "extra": {
                "branch-alias": {
                    "3.x-dev": "3.4.x-dev"
                }
            },
            "autoload": {
                "classmap": [
                    "tests/behat/"
                ]
            },
            "notification-url": "https://packagist.org/downloads/",
            "authors": [
                {
                    "name": "Will Rossiter",
                    "email": "will@fullscreen.io"
                }
            ],
            "description": "Site wide settings administration.",
            "keywords": [
                "silverstripe",
                "siteconfig"
            ],
            "time": "2016-01-25 03:03:12"
        },
        {
            "name": "silverstripe/userforms",
            "version": "2.0.10",
            "source": {
                "type": "git",
                "url": "https://github.com/silverstripe/silverstripe-userforms.git",
                "reference": "11dfa1e3adbec49deb1bcf2e5cf106db79e6a785"
            },
            "dist": {
                "type": "zip",
                "url": "https://api.github.com/repos/silverstripe/silverstripe-userforms/zipball/11dfa1e3adbec49deb1bcf2e5cf106db79e6a785",
                "reference": "11dfa1e3adbec49deb1bcf2e5cf106db79e6a785",
                "shasum": ""
            },
            "require": {
                "silverstripe/cms": ">=3.1.0",
                "silverstripe/framework": ">=3.1.0"
            },
            "suggest": {
                "colymba/gridfield-bulk-editing-tools": "Allows for bulk management of form submissions"
            },
            "type": "silverstripe-module",
            "extra": {
                "branch-alias": {
                    "dev-master": "2.0.x-dev"
                }
            },
            "notification-url": "https://packagist.org/downloads/",
            "license": [
                "BSD-3-Clause"
            ],
            "authors": [
                {
                    "name": "Will Rossiter",
                    "email": "will@fullscreen.io"
                }
            ],
            "description": "UserForms enables CMS users to create dynamic forms via a drag and drop interface and without getting involved in any PHP code",
            "keywords": [
                "silverstripe",
                "userforms"
            ],
            "time": "2015-06-13 02:17:57"
        }
    ],
    "packages-dev": [
        {
            "name": "ccampbell/chromephp",
            "version": "4.1.0",
            "source": {
                "type": "git",
                "url": "https://github.com/ccampbell/chromephp.git",
                "reference": "c3c297615d48ae5b2a86a82311152d1ed095fcef"
            },
            "dist": {
                "type": "zip",
                "url": "https://api.github.com/repos/ccampbell/chromephp/zipball/c3c297615d48ae5b2a86a82311152d1ed095fcef",
                "reference": "c3c297615d48ae5b2a86a82311152d1ed095fcef",
                "shasum": ""
            },
            "require": {
                "php": ">=5.0.0"
            },
            "type": "library",
            "autoload": {
                "psr-0": {
                    "ChromePhp": ""
                }
            },
            "notification-url": "https://packagist.org/downloads/",
            "license": [
                "Apache-2.0"
            ],
            "authors": [
                {
                    "name": "Craig Campbell",
                    "email": "iamcraigcampbell@gmail.com",
                    "homepage": "http://craig.is",
                    "role": "Developer"
                }
            ],
            "description": "Log variables to the Chrome console (via Chrome Logger Google Chrome extension).",
            "homepage": "http://github.com/ccampbell/chromephp",
            "keywords": [
                "log",
                "logging"
            ],
            "time": "2013-06-26 03:44:33"
        }
    ],
    "aliases": [],
    "minimum-stability": "dev",
    "stability-flags": {
        "silverstripe/framework": 0,
        "silverstripe/cms": 0,
        "rywa/silverstripe-foundation-forms": 20
    },
    "prefer-stable": false,
    "prefer-lowest": false,
    "platform": {
        "php": ">=5.3.2"
    },
    "platform-dev": []
}
